<?xml version="1.0" encoding="utf-8"?>
<Project ToolsVersion="4.0" xmlns="http://schemas.microsoft.com/developer/msbuild/2003">
  <ItemGroup>
    <Filter Include="Precision">
      <UniqueIdentifier>{dc9f6fa2-29a7-46d3-870c-2d04debf8110}</UniqueIdentifier>
    </Filter>
    <Filter Include="Core">
      <UniqueIdentifier>{5e44a6f1-629e-405e-97bf-a934c52d6971}</UniqueIdentifier>
    </Filter>
    <Filter Include="Defines">
      <UniqueIdentifier>{29ef3ee5-84ea-4da3-b936-7dcc772014fb}</UniqueIdentifier>
    </Filter>
    <Filter Include="Particle">
      <UniqueIdentifier>{c92dacb2-7e82-4905-8407-b292ffd0df26}</UniqueIdentifier>
    </Filter>
  </ItemGroup>
  <ItemGroup>
    <ClInclude Include="..\Public\Precision.h">
      <Filter>Precision</Filter>
    </ClInclude>
    <ClInclude Include="..\public\Core.h">
      <Filter>Core</Filter>
    </ClInclude>
    <ClInclude Include="..\Public\Defines.h">
      <Filter>Defines</Filter>
    </ClInclude>
    <ClInclude Include="..\public\Particle.h">
      <Filter>Particle</Filter>
    </ClInclude>
  </ItemGroup>
  <ItemGroup>
    <ClCompile Include="..\private\Core.cpp">
      <Filter>Core</Filter>
    </ClCompile>
    <ClCompile Include="..\private\Particle.cpp">
      <Filter>Particle</Filter>
    </ClCompile>
  </ItemGroup>
</Project>